{
  "name": "@practice/js_handwritten_code",
  "version": "1.0.0",
  "lockfileVersion": 3,
  "requires": true,
  "packages": {
    "": {
      "name": "@practice/js_handwritten_code",
      "version": "1.0.0",
      "license": "ISC",
      "dependencies": {
        "@practice/js_handwritten_code": "file:"
      }
    },
    "node_modules/@practice/js_handwritten_code": {
      "resolved": "",
      "link": true
    }
  }
}
